
Microsoft Visual Studio Solution File, Format Version 12.00
# Visual Studio Version 17
VisualStudioVersion = 17.9.34616.47
MinimumVisualStudioVersion = 10.0.40219.1
Project("{FAE04EC0-301F-11D3-BF4B-00C04F79EFBC}") = "ASP_LR12", "ASP_LR12\ASP_LR12.csproj", "{4DBAF9D7-6B5E-498E-9632-FEFDDC065FDD}"
EndProject
Global
	GlobalSection(SolutionConfigurationPlatforms) = preSolution
		Debug|Any CPU = Debug|Any CPU
		Release|Any CPU = Release|Any CPU
	EndGlobalSection
	GlobalSection(ProjectConfigurationPlatforms) = postSolution
		{4DBAF9D7-6B5E-498E-9632-FEFDDC065FDD}.Debug|Any CPU.ActiveCfg = Debug|Any CPU
		{4DBAF9D7-6B5E-498E-9632-FEFDDC065FDD}.Debug|Any CPU.Build.0 = Debug|Any CPU
		{4DBAF9D7-6B5E-498E-9632-FEFDDC065FDD}.Release|Any CPU.ActiveCfg = Release|Any CPU
		{4DBAF9D7-6B5E-498E-9632-FEFDDC065FDD}.Release|Any CPU.Build.0 = Release|Any CPU
	EndGlobalSection
	GlobalSection(SolutionProperties) = preSolution
		HideSolutionNode = FALSE
	EndGlobalSection
	GlobalSection(ExtensibilityGlobals) = postSolution
		SolutionGuid = {367EB7BD-7B01-4A89-95CC-AFB068C57686}
	EndGlobalSection
EndGlobal
